
Microsoft Visual Studio Solution File, Format Version 12.00
# Visual Studio Version 17
VisualStudioVersion = 17.2.32630.192
MinimumVisualStudioVersion = 10.0.40219.1
Project("{FAE04EC0-301F-11D3-BF4B-00C04F79EFBC}") = "1", "1.csproj", "{D557DB87-327D-4C9E-AFDE-FE547903A20C}"
EndProject
Global
	GlobalSection(SolutionConfigurationPlatforms) = preSolution
		Debug|Any CPU = Debug|Any CPU
		Release|Any CPU = Release|Any CPU
	EndGlobalSection
	GlobalSection(ProjectConfigurationPlatforms) = postSolution
		{D557DB87-327D-4C9E-AFDE-FE547903A20C}.Debug|Any CPU.ActiveCfg = Debug|Any CPU
		{D557DB87-327D-4C9E-AFDE-FE547903A20C}.Debug|Any CPU.Build.0 = Debug|Any CPU
		{D557DB87-327D-4C9E-AFDE-FE547903A20C}.Release|Any CPU.ActiveCfg = Release|Any CPU
		{D557DB87-327D-4C9E-AFDE-FE547903A20C}.Release|Any CPU.Build.0 = Release|Any CPU
	EndGlobalSection
	GlobalSection(SolutionProperties) = preSolution
		HideSolutionNode = FALSE
	EndGlobalSection
	GlobalSection(ExtensibilityGlobals) = postSolution
		SolutionGuid = {41A09992-0F8E-4DF3-B371-93646A3416AA}
	EndGlobalSection
EndGlobal
