
Microsoft Visual Studio Solution File, Format Version 12.00
# Visual Studio Version 17
VisualStudioVersion = 17.2.32630.192
MinimumVisualStudioVersion = 10.0.40219.1
Project("{FAE04EC0-301F-11D3-BF4B-00C04F79EFBC}") = "2", "2.csproj", "{FED0446F-A6B6-41E6-98B2-06614E62E870}"
EndProject
Global
	GlobalSection(SolutionConfigurationPlatforms) = preSolution
		Debug|Any CPU = Debug|Any CPU
		Release|Any CPU = Release|Any CPU
	EndGlobalSection
	GlobalSection(ProjectConfigurationPlatforms) = postSolution
		{FED0446F-A6B6-41E6-98B2-06614E62E870}.Debug|Any CPU.ActiveCfg = Debug|Any CPU
		{FED0446F-A6B6-41E6-98B2-06614E62E870}.Debug|Any CPU.Build.0 = Debug|Any CPU
		{FED0446F-A6B6-41E6-98B2-06614E62E870}.Release|Any CPU.ActiveCfg = Release|Any CPU
		{FED0446F-A6B6-41E6-98B2-06614E62E870}.Release|Any CPU.Build.0 = Release|Any CPU
	EndGlobalSection
	GlobalSection(SolutionProperties) = preSolution
		HideSolutionNode = FALSE
	EndGlobalSection
	GlobalSection(ExtensibilityGlobals) = postSolution
		SolutionGuid = {2EB2D6DF-6CE4-4309-8D0A-3130D1A1175C}
	EndGlobalSection
EndGlobal
